
Microsoft Visual Studio Solution File, Format Version 12.00
# Visual Studio Version 17
VisualStudioVersion = 17.9.34616.47
MinimumVisualStudioVersion = 10.0.40219.1
Project("{FAE04EC0-301F-11D3-BF4B-00C04F79EFBC}") = "ContosoPizza", "ContosoPizza\ContosoPizza.csproj", "{ACC25ADB-D1DD-4DBA-ADBA-CC2CB0433AE3}"
EndProject
Global
	GlobalSection(SolutionConfigurationPlatforms) = preSolution
		Debug|Any CPU = Debug|Any CPU
		Release|Any CPU = Release|Any CPU
	EndGlobalSection
	GlobalSection(ProjectConfigurationPlatforms) = postSolution
		{ACC25ADB-D1DD-4DBA-ADBA-CC2CB0433AE3}.Debug|Any CPU.ActiveCfg = Debug|Any CPU
		{ACC25ADB-D1DD-4DBA-ADBA-CC2CB0433AE3}.Debug|Any CPU.Build.0 = Debug|Any CPU
		{ACC25ADB-D1DD-4DBA-ADBA-CC2CB0433AE3}.Release|Any CPU.ActiveCfg = Release|Any CPU
		{ACC25ADB-D1DD-4DBA-ADBA-CC2CB0433AE3}.Release|Any CPU.Build.0 = Release|Any CPU
	EndGlobalSection
	GlobalSection(SolutionProperties) = preSolution
		HideSolutionNode = FALSE
	EndGlobalSection
	GlobalSection(ExtensibilityGlobals) = postSolution
		SolutionGuid = {3630E965-9DDE-4554-8227-0FBF15684543}
	EndGlobalSection
EndGlobal
